
Microsoft Visual Studio Solution File, Format Version 12.00
# Visual Studio 15
VisualStudioVersion = 15.0.28307.1340
MinimumVisualStudioVersion = 10.0.40219.1
Project("{159641D6-6404-4A2A-AE62-294DE0FE8301}") = "SSIS-Tutorial", "SSIS-Tutorial\SSIS-Tutorial.dtproj", "{EF5594D1-092C-49DC-B0C0-11BA63496990}"
EndProject
Global
	GlobalSection(SolutionConfigurationPlatforms) = preSolution
		Development|Default = Development|Default
		Production|Default = Production|Default
	EndGlobalSection
	GlobalSection(ProjectConfigurationPlatforms) = postSolution
		{EF5594D1-092C-49DC-B0C0-11BA63496990}.Development|Default.ActiveCfg = Development
		{EF5594D1-092C-49DC-B0C0-11BA63496990}.Development|Default.Build.0 = Development
		{EF5594D1-092C-49DC-B0C0-11BA63496990}.Production|Default.ActiveCfg = Production
		{EF5594D1-092C-49DC-B0C0-11BA63496990}.Production|Default.Build.0 = Production
	EndGlobalSection
	GlobalSection(SolutionProperties) = preSolution
		HideSolutionNode = FALSE
	EndGlobalSection
	GlobalSection(ExtensibilityGlobals) = postSolution
		SolutionGuid = {1A460DB0-84D2-43B1-B05C-55FEDFA90B7F}
	EndGlobalSection
EndGlobal
